<?xml version="1.0" encoding="utf-8"?>
<Project ToolsVersion="4.0" xmlns="http://schemas.microsoft.com/developer/msbuild/2003">
  <ItemGroup>
    <ClCompile Include="main.cpp">
      <Filter>Base</Filter>
    </ClCompile>
    <ClCompile Include="pch.cpp">
      <Filter>Base</Filter>
    </ClCompile>
    <ClCompile Include="Console.cpp">
      <Filter>Class\Singleton</Filter>
    </ClCompile>
    <ClCompile Include="GameManager.cpp">
      <Filter>Class\Singleton</Filter>
    </ClCompile>
    <ClCompile Include="Object.cpp">
      <Filter>Class\Object</Filter>
    </ClCompile>
    <ClCompile Include="RandomSpeedObj.cpp">
      <Filter>Class\Object</Filter>
    </ClCompile>
    <ClCompile Include="SnakeBody.cpp">
      <Filter>Class\Object</Filter>
    </ClCompile>
    <ClCompile Include="Apple.cpp">
      <Filter>Class\Object</Filter>
    </ClCompile>
    <ClCompile Include="Timer.cpp">
      <Filter>Class\Util</Filter>
    </ClCompile>
    <ClCompile Include="DeathZone.cpp">
      <Filter>Class\Object</Filter>
    </ClCompile>
  </ItemGroup>
  <ItemGroup>
    <ClInclude Include="pch.h">
      <Filter>Base</Filter>
    </ClInclude>
    <ClInclude Include="Console.h">
      <Filter>Class\Singleton</Filter>
    </ClInclude>
    <ClInclude Include="GameManager.h">
      <Filter>Class\Singleton</Filter>
    </ClInclude>
    <ClInclude Include="Object.h">
      <Filter>Class\Object</Filter>
    </ClInclude>
    <ClInclude Include="RandomSpeedObj.h">
      <Filter>Class\Object</Filter>
    </ClInclude>
    <ClInclude Include="SnakeBody.h">
      <Filter>Class\Object</Filter>
    </ClInclude>
    <ClInclude Include="Apple.h">
      <Filter>Class\Object</Filter>
    </ClInclude>
    <ClInclude Include="Timer.h">
      <Filter>Class\Util</Filter>
    </ClInclude>
    <ClInclude Include="Color.hpp">
      <Filter>Class\Util</Filter>
    </ClInclude>
    <ClInclude Include="DeathZone.h">
      <Filter>Class\Object</Filter>
    </ClInclude>
  </ItemGroup>
  <ItemGroup>
    <Filter Include="Base">
      <UniqueIdentifier>{0b3b7beb-1ea8-40af-a2bd-a41a8781dd60}</UniqueIdentifier>
    </Filter>
    <Filter Include="Class">
      <UniqueIdentifier>{743cb1fc-cdd9-40a2-8564-37fdb73204c0}</UniqueIdentifier>
    </Filter>
    <Filter Include="Class\Object">
      <UniqueIdentifier>{6fe1e075-e70f-4115-886a-d07e64e3c159}</UniqueIdentifier>
    </Filter>
    <Filter Include="Class\Singleton">
      <UniqueIdentifier>{934df86d-4a89-4233-9425-50be1284b11d}</UniqueIdentifier>
    </Filter>
    <Filter Include="Class\Util">
      <UniqueIdentifier>{61352c0e-ef18-42cc-aecd-5d0e6ca5e2bf}</UniqueIdentifier>
    </Filter>
  </ItemGroup>
</Project>